
Microsoft Visual Studio Solution File, Format Version 12.00
# Visual Studio Version 17
VisualStudioVersion = 17.14.36310.24 d17.14
MinimumVisualStudioVersion = 10.0.40219.1
Project("{FAE04EC0-301F-11D3-BF4B-00C04F79EFBC}") = "Entity", "Entity\Entity.csproj", "{D7C20B91-FEAF-4438-86FE-AF6C0EE93136}"
EndProject
Project("{FAE04EC0-301F-11D3-BF4B-00C04F79EFBC}") = "Data", "Data\Data.csproj", "{711E9CD6-51B4-4E0C-BB2B-86263C55B680}"
EndProject
Project("{FAE04EC0-301F-11D3-BF4B-00C04F79EFBC}") = "Business", "Business\Business.csproj", "{B13A10F5-1D59-4492-8CD7-00E3EF46B3A4}"
EndProject
Project("{FAE04EC0-301F-11D3-BF4B-00C04F79EFBC}") = "Utilities", "Utilities\Utilities.csproj", "{83701544-6549-4139-AA90-9619BFCAF49F}"
EndProject
Project("{FAE04EC0-301F-11D3-BF4B-00C04F79EFBC}") = "Web", "Web\Web.csproj", "{91608D16-1935-48EA-B3D3-24D9C9EE69A6}"
EndProject
Global
	GlobalSection(SolutionConfigurationPlatforms) = preSolution
		Debug|Any CPU = Debug|Any CPU
		Release|Any CPU = Release|Any CPU
	EndGlobalSection
	GlobalSection(ProjectConfigurationPlatforms) = postSolution
		{D7C20B91-FEAF-4438-86FE-AF6C0EE93136}.Debug|Any CPU.ActiveCfg = Debug|Any CPU
		{D7C20B91-FEAF-4438-86FE-AF6C0EE93136}.Debug|Any CPU.Build.0 = Debug|Any CPU
		{D7C20B91-FEAF-4438-86FE-AF6C0EE93136}.Release|Any CPU.ActiveCfg = Release|Any CPU
		{D7C20B91-FEAF-4438-86FE-AF6C0EE93136}.Release|Any CPU.Build.0 = Release|Any CPU
		{711E9CD6-51B4-4E0C-BB2B-86263C55B680}.Debug|Any CPU.ActiveCfg = Debug|Any CPU
		{711E9CD6-51B4-4E0C-BB2B-86263C55B680}.Debug|Any CPU.Build.0 = Debug|Any CPU
		{711E9CD6-51B4-4E0C-BB2B-86263C55B680}.Release|Any CPU.ActiveCfg = Release|Any CPU
		{711E9CD6-51B4-4E0C-BB2B-86263C55B680}.Release|Any CPU.Build.0 = Release|Any CPU
		{B13A10F5-1D59-4492-8CD7-00E3EF46B3A4}.Debug|Any CPU.ActiveCfg = Debug|Any CPU
		{B13A10F5-1D59-4492-8CD7-00E3EF46B3A4}.Debug|Any CPU.Build.0 = Debug|Any CPU
		{B13A10F5-1D59-4492-8CD7-00E3EF46B3A4}.Release|Any CPU.ActiveCfg = Release|Any CPU
		{B13A10F5-1D59-4492-8CD7-00E3EF46B3A4}.Release|Any CPU.Build.0 = Release|Any CPU
		{83701544-6549-4139-AA90-9619BFCAF49F}.Debug|Any CPU.ActiveCfg = Debug|Any CPU
		{83701544-6549-4139-AA90-9619BFCAF49F}.Debug|Any CPU.Build.0 = Debug|Any CPU
		{83701544-6549-4139-AA90-9619BFCAF49F}.Release|Any CPU.ActiveCfg = Release|Any CPU
		{83701544-6549-4139-AA90-9619BFCAF49F}.Release|Any CPU.Build.0 = Release|Any CPU
		{91608D16-1935-48EA-B3D3-24D9C9EE69A6}.Debug|Any CPU.ActiveCfg = Debug|Any CPU
		{91608D16-1935-48EA-B3D3-24D9C9EE69A6}.Debug|Any CPU.Build.0 = Debug|Any CPU
		{91608D16-1935-48EA-B3D3-24D9C9EE69A6}.Release|Any CPU.ActiveCfg = Release|Any CPU
		{91608D16-1935-48EA-B3D3-24D9C9EE69A6}.Release|Any CPU.Build.0 = Release|Any CPU
	EndGlobalSection
	GlobalSection(SolutionProperties) = preSolution
		HideSolutionNode = FALSE
	EndGlobalSection
	GlobalSection(ExtensibilityGlobals) = postSolution
		SolutionGuid = {62853617-8BA8-4226-BF27-8EB9188CE19D}
	EndGlobalSection
EndGlobal
